<?xml version="1.0" encoding="utf-8"?>
<Project ToolsVersion="4.0" xmlns="http://schemas.microsoft.com/developer/msbuild/2003">
  <ItemGroup>
    <Filter Include="原始程式檔">
      <UniqueIdentifier>{4FC737F1-C7A5-4376-A066-2A32D752A2FF}</UniqueIdentifier>
      <Extensions>cpp;c;cc;cxx;def;odl;idl;hpj;bat;asm;asmx</Extensions>
    </Filter>
    <Filter Include="標頭檔">
      <UniqueIdentifier>{93995380-89BD-4b04-88EB-625FBE52EBFB}</UniqueIdentifier>
      <Extensions>h;hpp;hxx;hm;inl;inc;xsd</Extensions>
    </Filter>
    <Filter Include="資源檔">
      <UniqueIdentifier>{67DA6AB6-F800-4c08-8B7A-83BB121AAD01}</UniqueIdentifier>
      <Extensions>rc;ico;cur;bmp;dlg;rc2;rct;bin;rgs;gif;jpg;jpeg;jpe;resx;tiff;tif;png;wav;mfcribbon-ms</Extensions>
    </Filter>
    <Filter Include="產生的檔案">
      <UniqueIdentifier>{a09daa97-677d-485f-9685-d1627a675511}</UniqueIdentifier>
      <SourceControlFiles>False</SourceControlFiles>
    </Filter>
  </ItemGroup>
  <ItemGroup>
    <ClCompile Include="stdafx.cpp">
      <Filter>原始程式檔</Filter>
    </ClCompile>
    <ClCompile Include="IpCamGraph.cpp">
      <Filter>原始程式檔</Filter>
    </ClCompile>
    <ClCompile Include="dllmain.cpp">
      <Filter>原始程式檔</Filter>
    </ClCompile>
    <ClCompile Include="IpCamGraph_i.c">
      <Filter>產生的檔案</Filter>
    </ClCompile>
    <ClCompile Include="GraphAPI.cpp">
      <Filter>原始程式檔</Filter>
    </ClCompile>
  </ItemGroup>
  <ItemGroup>
    <ClInclude Include="stdafx.h">
      <Filter>標頭檔</Filter>
    </ClInclude>
    <ClInclude Include="targetver.h">
      <Filter>標頭檔</Filter>
    </ClInclude>
    <ClInclude Include="Resource.h">
      <Filter>標頭檔</Filter>
    </ClInclude>
    <ClInclude Include="dllmain.h">
      <Filter>標頭檔</Filter>
    </ClInclude>
    <ClInclude Include="IpCamGraph_i.h">
      <Filter>產生的檔案</Filter>
    </ClInclude>
    <ClInclude Include="GraphAPI.h">
      <Filter>標頭檔</Filter>
    </ClInclude>
  </ItemGroup>
  <ItemGroup>
    <ResourceCompile Include="IpCamGraph.rc">
      <Filter>資源檔</Filter>
    </ResourceCompile>
  </ItemGroup>
  <ItemGroup>
    <Text Include="ReadMe.txt" />
  </ItemGroup>
  <ItemGroup>
    <None Include="IpCamGraph.rgs">
      <Filter>資源檔</Filter>
    </None>
    <None Include="IpCamGraph.def">
      <Filter>原始程式檔</Filter>
    </None>
    <None Include="GraphAPI.rgs">
      <Filter>資源檔</Filter>
    </None>
  </ItemGroup>
  <ItemGroup>
    <Midl Include="IpCamGraph.idl">
      <Filter>原始程式檔</Filter>
    </Midl>
  </ItemGroup>
</Project>